
Microsoft Visual Studio Solution File, Format Version 12.00
# Visual Studio Version 16
VisualStudioVersion = 16.0.29709.97
MinimumVisualStudioVersion = 10.0.40219.1
Project("{FAE04EC0-301F-11D3-BF4B-00C04F79EFBC}") = "AwaitTest", "AwaitTest\AwaitTest.csproj", "{F64FEFB6-F47D-41CF-A6A0-3F865C97AA69}"
EndProject
Global
	GlobalSection(SolutionConfigurationPlatforms) = preSolution
		Debug|Any CPU = Debug|Any CPU
		Release|Any CPU = Release|Any CPU
	EndGlobalSection
	GlobalSection(ProjectConfigurationPlatforms) = postSolution
		{F64FEFB6-F47D-41CF-A6A0-3F865C97AA69}.Debug|Any CPU.ActiveCfg = Debug|Any CPU
		{F64FEFB6-F47D-41CF-A6A0-3F865C97AA69}.Debug|Any CPU.Build.0 = Debug|Any CPU
		{F64FEFB6-F47D-41CF-A6A0-3F865C97AA69}.Release|Any CPU.ActiveCfg = Release|Any CPU
		{F64FEFB6-F47D-41CF-A6A0-3F865C97AA69}.Release|Any CPU.Build.0 = Release|Any CPU
	EndGlobalSection
	GlobalSection(SolutionProperties) = preSolution
		HideSolutionNode = FALSE
	EndGlobalSection
	GlobalSection(ExtensibilityGlobals) = postSolution
		SolutionGuid = {E5B32583-D50D-4998-B971-11D6484FB4EB}
	EndGlobalSection
EndGlobal
