
Microsoft Visual Studio Solution File, Format Version 12.00
# Visual Studio Version 16
VisualStudioVersion = 16.0.31313.79
MinimumVisualStudioVersion = 10.0.40219.1
Project("{FAE04EC0-301F-11D3-BF4B-00C04F79EFBC}") = "TestGhostYak_Options", "TestGhostYak_Options\TestGhostYak_Options.csproj", "{82EAF8E1-5843-4EF7-9ABC-055F3C45B227}"
EndProject
Global
	GlobalSection(SolutionConfigurationPlatforms) = preSolution
		Debug|Any CPU = Debug|Any CPU
		Release|Any CPU = Release|Any CPU
	EndGlobalSection
	GlobalSection(ProjectConfigurationPlatforms) = postSolution
		{82EAF8E1-5843-4EF7-9ABC-055F3C45B227}.Debug|Any CPU.ActiveCfg = Debug|Any CPU
		{82EAF8E1-5843-4EF7-9ABC-055F3C45B227}.Debug|Any CPU.Build.0 = Debug|Any CPU
		{82EAF8E1-5843-4EF7-9ABC-055F3C45B227}.Release|Any CPU.ActiveCfg = Release|Any CPU
		{82EAF8E1-5843-4EF7-9ABC-055F3C45B227}.Release|Any CPU.Build.0 = Release|Any CPU
	EndGlobalSection
	GlobalSection(SolutionProperties) = preSolution
		HideSolutionNode = FALSE
	EndGlobalSection
	GlobalSection(ExtensibilityGlobals) = postSolution
		SolutionGuid = {6926CBA6-EC05-451F-B169-559FAEE824FD}
	EndGlobalSection
EndGlobal
