
Microsoft Visual Studio Solution File, Format Version 12.00
# Visual Studio Version 17
VisualStudioVersion = 17.0.31808.319
MinimumVisualStudioVersion = 10.0.40219.1
Project("{FAE04EC0-301F-11D3-BF4B-00C04F79EFBC}") = "TestPInvoke", "TestPInvoke\TestPInvoke.csproj", "{0EEE7B9D-2B49-4D82-8BAB-00B133BC388B}"
EndProject
Project("{8BC9CEB8-8B4A-11D0-8D11-00A0C91BC942}") = "DynamicLibrary", "DynamicLibrary\DynamicLibrary.vcxproj", "{48B78A06-7588-40DE-A63D-CABC4833468E}"
EndProject
Global
	GlobalSection(SolutionConfigurationPlatforms) = preSolution
		Debug|Any CPU = Debug|Any CPU
		Debug|x64 = Debug|x64
		Debug|x86 = Debug|x86
		Release|Any CPU = Release|Any CPU
		Release|x64 = Release|x64
		Release|x86 = Release|x86
	EndGlobalSection
	GlobalSection(ProjectConfigurationPlatforms) = postSolution
		{0EEE7B9D-2B49-4D82-8BAB-00B133BC388B}.Debug|Any CPU.ActiveCfg = Debug|Any CPU
		{0EEE7B9D-2B49-4D82-8BAB-00B133BC388B}.Debug|Any CPU.Build.0 = Debug|Any CPU
		{0EEE7B9D-2B49-4D82-8BAB-00B133BC388B}.Debug|x64.ActiveCfg = Debug|x64
		{0EEE7B9D-2B49-4D82-8BAB-00B133BC388B}.Debug|x64.Build.0 = Debug|x64
		{0EEE7B9D-2B49-4D82-8BAB-00B133BC388B}.Debug|x86.ActiveCfg = Debug|Any CPU
		{0EEE7B9D-2B49-4D82-8BAB-00B133BC388B}.Debug|x86.Build.0 = Debug|Any CPU
		{0EEE7B9D-2B49-4D82-8BAB-00B133BC388B}.Release|Any CPU.ActiveCfg = Release|Any CPU
		{0EEE7B9D-2B49-4D82-8BAB-00B133BC388B}.Release|Any CPU.Build.0 = Release|Any CPU
		{0EEE7B9D-2B49-4D82-8BAB-00B133BC388B}.Release|x64.ActiveCfg = Release|x64
		{0EEE7B9D-2B49-4D82-8BAB-00B133BC388B}.Release|x64.Build.0 = Release|x64
		{0EEE7B9D-2B49-4D82-8BAB-00B133BC388B}.Release|x86.ActiveCfg = Release|x86
		{0EEE7B9D-2B49-4D82-8BAB-00B133BC388B}.Release|x86.Build.0 = Release|x86
		{48B78A06-7588-40DE-A63D-CABC4833468E}.Debug|Any CPU.ActiveCfg = Debug|Win32
		{48B78A06-7588-40DE-A63D-CABC4833468E}.Debug|Any CPU.Build.0 = Debug|Win32
		{48B78A06-7588-40DE-A63D-CABC4833468E}.Debug|x64.ActiveCfg = Debug|x64
		{48B78A06-7588-40DE-A63D-CABC4833468E}.Debug|x64.Build.0 = Debug|x64
		{48B78A06-7588-40DE-A63D-CABC4833468E}.Debug|x86.ActiveCfg = Debug|Win32
		{48B78A06-7588-40DE-A63D-CABC4833468E}.Debug|x86.Build.0 = Debug|Win32
		{48B78A06-7588-40DE-A63D-CABC4833468E}.Release|Any CPU.ActiveCfg = Release|Win32
		{48B78A06-7588-40DE-A63D-CABC4833468E}.Release|Any CPU.Build.0 = Release|Win32
		{48B78A06-7588-40DE-A63D-CABC4833468E}.Release|x64.ActiveCfg = Release|x64
		{48B78A06-7588-40DE-A63D-CABC4833468E}.Release|x64.Build.0 = Release|x64
		{48B78A06-7588-40DE-A63D-CABC4833468E}.Release|x86.ActiveCfg = Release|Win32
		{48B78A06-7588-40DE-A63D-CABC4833468E}.Release|x86.Build.0 = Release|Win32
	EndGlobalSection
	GlobalSection(SolutionProperties) = preSolution
		HideSolutionNode = FALSE
	EndGlobalSection
	GlobalSection(ExtensibilityGlobals) = postSolution
		SolutionGuid = {1477A701-E6F6-4C12-966A-260DBAB0AC66}
	EndGlobalSection
EndGlobal
