
Microsoft Visual Studio Solution File, Format Version 12.00
# Visual Studio Version 16
VisualStudioVersion = 16.0.31205.134
MinimumVisualStudioVersion = 10.0.40219.1
Project("{FAE04EC0-301F-11D3-BF4B-00C04F79EFBC}") = "TestCustomControl", "TestCustomControl\TestCustomControl.csproj", "{DD72A746-CD24-4603-BB8D-7CB92897C797}"
EndProject
Global
	GlobalSection(SolutionConfigurationPlatforms) = preSolution
		Debug|Any CPU = Debug|Any CPU
		Release|Any CPU = Release|Any CPU
	EndGlobalSection
	GlobalSection(ProjectConfigurationPlatforms) = postSolution
		{DD72A746-CD24-4603-BB8D-7CB92897C797}.Debug|Any CPU.ActiveCfg = Debug|Any CPU
		{DD72A746-CD24-4603-BB8D-7CB92897C797}.Debug|Any CPU.Build.0 = Debug|Any CPU
		{DD72A746-CD24-4603-BB8D-7CB92897C797}.Release|Any CPU.ActiveCfg = Release|Any CPU
		{DD72A746-CD24-4603-BB8D-7CB92897C797}.Release|Any CPU.Build.0 = Release|Any CPU
	EndGlobalSection
	GlobalSection(SolutionProperties) = preSolution
		HideSolutionNode = FALSE
	EndGlobalSection
	GlobalSection(ExtensibilityGlobals) = postSolution
		SolutionGuid = {5000E9ED-3A61-4F21-8F19-75CB26E3799F}
	EndGlobalSection
EndGlobal
