
Microsoft Visual Studio Solution File, Format Version 11.00
# Visual Studio 2010
# SharpDevelop 4.4
Project("{FAE04EC0-301F-11D3-BF4B-00C04F79EFBC}") = "sha1it", "sha1it\sha1it.csproj", "{E8DEEB0D-A392-4A09-8B21-5128F622CB0C}"
EndProject
Global
	GlobalSection(SolutionConfigurationPlatforms) = preSolution
		Debug|Any CPU = Debug|Any CPU
		Release|Any CPU = Release|Any CPU
	EndGlobalSection
	GlobalSection(ProjectConfigurationPlatforms) = postSolution
		{E8DEEB0D-A392-4A09-8B21-5128F622CB0C}.Debug|Any CPU.Build.0 = Debug|Any CPU
		{E8DEEB0D-A392-4A09-8B21-5128F622CB0C}.Debug|Any CPU.ActiveCfg = Debug|Any CPU
		{E8DEEB0D-A392-4A09-8B21-5128F622CB0C}.Release|Any CPU.Build.0 = Release|Any CPU
		{E8DEEB0D-A392-4A09-8B21-5128F622CB0C}.Release|Any CPU.ActiveCfg = Release|Any CPU
	EndGlobalSection
EndGlobal
